
Microsoft Visual Studio Solution File, Format Version 12.00
# Visual Studio Version 16
VisualStudioVersion = 16.0.32106.194
MinimumVisualStudioVersion = 10.0.40219.1
Project("{FAE04EC0-301F-11D3-BF4B-00C04F79EFBC}") = "ConsoleApp47", "ConsoleApp47\ConsoleApp47.csproj", "{D355F7E3-33B9-49E8-B474-75F84B06F12A}"
EndProject
Global
	GlobalSection(SolutionConfigurationPlatforms) = preSolution
		Debug|Any CPU = Debug|Any CPU
		Release|Any CPU = Release|Any CPU
	EndGlobalSection
	GlobalSection(ProjectConfigurationPlatforms) = postSolution
		{D355F7E3-33B9-49E8-B474-75F84B06F12A}.Debug|Any CPU.ActiveCfg = Debug|Any CPU
		{D355F7E3-33B9-49E8-B474-75F84B06F12A}.Debug|Any CPU.Build.0 = Debug|Any CPU
		{D355F7E3-33B9-49E8-B474-75F84B06F12A}.Release|Any CPU.ActiveCfg = Release|Any CPU
		{D355F7E3-33B9-49E8-B474-75F84B06F12A}.Release|Any CPU.Build.0 = Release|Any CPU
	EndGlobalSection
	GlobalSection(SolutionProperties) = preSolution
		HideSolutionNode = FALSE
	EndGlobalSection
	GlobalSection(ExtensibilityGlobals) = postSolution
		SolutionGuid = {32C3B0BB-F8BE-4CC2-A21A-B8AF89017241}
	EndGlobalSection
EndGlobal
